
Microsoft Visual Studio Solution File, Format Version 12.00
# Visual Studio Version 16
VisualStudioVersion = 16.0.31205.134
MinimumVisualStudioVersion = 10.0.40219.1
Project("{FAE04EC0-301F-11D3-BF4B-00C04F79EFBC}") = "it_cursov", "it_cursov\it_cursov.csproj", "{D75E13F6-90EE-4A17-92C2-DB11FA100575}"
EndProject
Global
	GlobalSection(SolutionConfigurationPlatforms) = preSolution
		Debug|Any CPU = Debug|Any CPU
		Release|Any CPU = Release|Any CPU
	EndGlobalSection
	GlobalSection(ProjectConfigurationPlatforms) = postSolution
		{D75E13F6-90EE-4A17-92C2-DB11FA100575}.Debug|Any CPU.ActiveCfg = Debug|Any CPU
		{D75E13F6-90EE-4A17-92C2-DB11FA100575}.Debug|Any CPU.Build.0 = Debug|Any CPU
		{D75E13F6-90EE-4A17-92C2-DB11FA100575}.Release|Any CPU.ActiveCfg = Release|Any CPU
		{D75E13F6-90EE-4A17-92C2-DB11FA100575}.Release|Any CPU.Build.0 = Release|Any CPU
	EndGlobalSection
	GlobalSection(SolutionProperties) = preSolution
		HideSolutionNode = FALSE
	EndGlobalSection
	GlobalSection(ExtensibilityGlobals) = postSolution
		SolutionGuid = {C46824B7-305C-4EED-8525-B516FBE02826}
	EndGlobalSection
EndGlobal
